
Microsoft Visual Studio Solution File, Format Version 12.00
# Visual Studio Version 16
VisualStudioVersion = 16.0.30011.22
MinimumVisualStudioVersion = 10.0.40219.1
Project("{2150E333-8FDC-42A3-9474-1A3956D46DE8}") = "solution items", "solution items", "{3A405228-E2FB-4911-8871-9FE7BF5F302E}"
	ProjectSection(SolutionItems) = preProject
		global.json = global.json
		NuGet.Config = NuGet.Config
		README.md = README.md
	EndProjectSection
EndProject
Project("{9A19103F-16F7-4668-BE54-9A1E7A4F7556}") = "OSCam.Maintainer.Models", "OSCam.Maintainer.Models\OSCam.Maintainer.Models.csproj", "{CD19133A-5C47-4B43-A20B-B6D38CD9BDB5}"
EndProject
Project("{9A19103F-16F7-4668-BE54-9A1E7A4F7556}") = "OSCam.Maintainer.Configurations", "OSCam.Maintainer.Configurations\OSCam.Maintainer.Configurations.csproj", "{C6B09850-1E4C-4A38-8969-7156FE468F59}"
EndProject
Project("{9A19103F-16F7-4668-BE54-9A1E7A4F7556}") = "OSCam.Maintainer", "OSCam.Maintainer\OSCam.Maintainer.csproj", "{1199F543-6D8C-4306-924C-89DEAA106735}"
EndProject
Global
	GlobalSection(SolutionConfigurationPlatforms) = preSolution
		Debug|Any CPU = Debug|Any CPU
		Release|Any CPU = Release|Any CPU
	EndGlobalSection
	GlobalSection(ProjectConfigurationPlatforms) = postSolution
		{CD19133A-5C47-4B43-A20B-B6D38CD9BDB5}.Debug|Any CPU.ActiveCfg = Debug|Any CPU
		{CD19133A-5C47-4B43-A20B-B6D38CD9BDB5}.Debug|Any CPU.Build.0 = Debug|Any CPU
		{CD19133A-5C47-4B43-A20B-B6D38CD9BDB5}.Release|Any CPU.ActiveCfg = Release|Any CPU
		{CD19133A-5C47-4B43-A20B-B6D38CD9BDB5}.Release|Any CPU.Build.0 = Release|Any CPU
		{C6B09850-1E4C-4A38-8969-7156FE468F59}.Debug|Any CPU.ActiveCfg = Debug|Any CPU
		{C6B09850-1E4C-4A38-8969-7156FE468F59}.Debug|Any CPU.Build.0 = Debug|Any CPU
		{C6B09850-1E4C-4A38-8969-7156FE468F59}.Release|Any CPU.ActiveCfg = Release|Any CPU
		{C6B09850-1E4C-4A38-8969-7156FE468F59}.Release|Any CPU.Build.0 = Release|Any CPU
		{1199F543-6D8C-4306-924C-89DEAA106735}.Debug|Any CPU.ActiveCfg = Debug|Any CPU
		{1199F543-6D8C-4306-924C-89DEAA106735}.Debug|Any CPU.Build.0 = Debug|Any CPU
		{1199F543-6D8C-4306-924C-89DEAA106735}.Release|Any CPU.ActiveCfg = Release|Any CPU
		{1199F543-6D8C-4306-924C-89DEAA106735}.Release|Any CPU.Build.0 = Release|Any CPU
	EndGlobalSection
	GlobalSection(SolutionProperties) = preSolution
		HideSolutionNode = FALSE
	EndGlobalSection
	GlobalSection(ExtensibilityGlobals) = postSolution
		SolutionGuid = {388B356E-AAFE-474D-84C3-2ABF06EF8CD6}
	EndGlobalSection
EndGlobal
